
Microsoft Visual Studio Solution File, Format Version 12.00
# Visual Studio 15
VisualStudioVersion = 15.0.28010.2050
MinimumVisualStudioVersion = 10.0.40219.1
Project("{FAE04EC0-301F-11D3-BF4B-00C04F79EFBC}") = "SeleniumTesting", "SeleniumTesting\SeleniumTesting.csproj", "{743EA133-EEB6-461F-9717-492D7E39BBE1}"
EndProject
Global
	GlobalSection(SolutionConfigurationPlatforms) = preSolution
		Debug|Any CPU = Debug|Any CPU
		Release|Any CPU = Release|Any CPU
	EndGlobalSection
	GlobalSection(ProjectConfigurationPlatforms) = postSolution
		{743EA133-EEB6-461F-9717-492D7E39BBE1}.Debug|Any CPU.ActiveCfg = Debug|Any CPU
		{743EA133-EEB6-461F-9717-492D7E39BBE1}.Debug|Any CPU.Build.0 = Debug|Any CPU
		{743EA133-EEB6-461F-9717-492D7E39BBE1}.Release|Any CPU.ActiveCfg = Release|Any CPU
		{743EA133-EEB6-461F-9717-492D7E39BBE1}.Release|Any CPU.Build.0 = Release|Any CPU
	EndGlobalSection
	GlobalSection(SolutionProperties) = preSolution
		HideSolutionNode = FALSE
	EndGlobalSection
	GlobalSection(ExtensibilityGlobals) = postSolution
		SolutionGuid = {25BA588C-AD5B-4384-92A2-05AF67059C5E}
	EndGlobalSection
EndGlobal
